<?xml version="1.0" encoding="utf-8"?>
<Project ToolsVersion="4.0" xmlns="http://schemas.microsoft.com/developer/msbuild/2003">
  <ItemGroup>
    <CudaCompile Include="2_grids_blocks.cu" />
    <CudaCompile Include="1_hello_cuda.cu" />
    <CudaCompile Include="3_organization_of_threads.cu" />
    <CudaCompile Include="4_programming_exercise_1.cu" />
  </ItemGroup>
</Project>